// !$*UTF8*$!
{
	archiveVersion = 1;
	classes = {
	};
	objectVersion = 46;
	objects = {

/* Begin PBXBuildFile section */
		28D28F9618BDA8C00003B595 /* Foundation.framework in Frameworks */ = {isa = PBXBuildFile; fileRef = 28D28F9518BDA8C00003B595 /* Foundation.framework */; };
		28D28F9818BDA8C00003B595 /* CoreGraphics.framework in Frameworks */ = {isa = PBXBuildFile; fileRef = 28D28F9718BDA8C00003B595 /* CoreGraphics.framework */; };
		28D28F9A18BDA8C00003B595 /* UIKit.framework in Frameworks */ = {isa = PBXBuildFile; fileRef = 28D28F9918BDA8C00003B595 /* UIKit.framework */; };
		28D28FA018BDA8C00003B595 /* InfoPlist.strings in Resources */ = {isa = PBXBuildFile; fileRef = 28D28F9E18BDA8C00003B595 /* InfoPlist.strings */; };
		28D28FA218BDA8C00003B595 /* main.m in Sources */ = {isa = PBXBuildFile; fileRef = 28D28FA118BDA8C00003B595 /* main.m */; };
		28D28FA618BDA8C00003B595 /* AppDelegate.m in Sources */ = {isa = PBXBuildFile; fileRef = 28D28FA518BDA8C00003B595 /* AppDelegate.m */; };
		28D28FA818BDA8C00003B595 /* Images.xcassets in Resources */ = {isa = PBXBuildFile; fileRef = 28D28FA718BDA8C00003B595 /* Images.xcassets */; };
		28D28FAF18BDA8C00003B595 /* XCTest.framework in Frameworks */ = {isa = PBXBuildFile; fileRef = 28D28FAE18BDA8C00003B595 /* XCTest.framework */; };
		28D28FB018BDA8C10003B595 /* Foundation.framework in Frameworks */ = {isa = PBXBuildFile; fileRef = 28D28F9518BDA8C00003B595 /* Foundation.framework */; };
		28D28FB118BDA8C10003B595 /* UIKit.framework in Frameworks */ = {isa = PBXBuildFile; fileRef = 28D28F9918BDA8C00003B595 /* UIKit.framework */; };
		28D28FB918BDA8C10003B595 /* InfoPlist.strings in Resources */ = {isa = PBXBuildFile; fileRef = 28D28FB718BDA8C10003B595 /* InfoPlist.strings */; };
		28D28FBB18BDA8C10003B595 /* FRDLivelyButtonDemoTests.m in Sources */ = {isa = PBXBuildFile; fileRef = 28D28FBA18BDA8C10003B595 /* FRDLivelyButtonDemoTests.m */; };
		28D28FC718BDA95E0003B595 /* Storyboard.storyboard in Resources */ = {isa = PBXBuildFile; fileRef = 28D28FC418BDA95E0003B595 /* Storyboard.storyboard */; };
		28D28FC818BDA95E0003B595 /* TestViewController.m in Sources */ = {isa = PBXBuildFile; fileRef = 28D28FC618BDA95E0003B595 /* TestViewController.m */; };
		28ECDD5618C8B02700051E90 /* FRDLivelyButton.m in Sources */ = {isa = PBXBuildFile; fileRef = 28ECDD5518C8B02700051E90 /* FRDLivelyButton.m */; };
/* End PBXBuildFile section */

/* Begin PBXContainerItemProxy section */
		28D28FB218BDA8C10003B595 /* PBXContainerItemProxy */ = {
			isa = PBXContainerItemProxy;
			containerPortal = 28D28F8A18BDA8C00003B595 /* Project object */;
			proxyType = 1;
			remoteGlobalIDString = 28D28F9118BDA8C00003B595;
			remoteInfo = FRDLivelyButtonDemo;
		};
/* End PBXContainerItemProxy section */

/* Begin PBXFileReference section */
		28D28F9218BDA8C00003B595 /* FRDLivelyButtonDemo.app */ = {isa = PBXFileReference; explicitFileType = wrapper.application; includeInIndex = 0; path = FRDLivelyButtonDemo.app; sourceTree = BUILT_PRODUCTS_DIR; };
		28D28F9518BDA8C00003B595 /* Foundation.framework */ = {isa = PBXFileReference; lastKnownFileType = wrapper.framework; name = Foundation.framework; path = System/Library/Frameworks/Foundation.framework; sourceTree = SDKROOT; };
		28D28F9718BDA8C00003B595 /* CoreGraphics.framework */ = {isa = PBXFileReference; lastKnownFileType = wrapper.framework; name = CoreGraphics.framework; path = System/Library/Frameworks/CoreGraphics.framework; sourceTree = SDKROOT; };
		28D28F9918BDA8C00003B595 /* UIKit.framework */ = {isa = PBXFileReference; lastKnownFileType = wrapper.framework; name = UIKit.framework; path = System/Library/Frameworks/UIKit.framework; sourceTree = SDKROOT; };
		28D28F9D18BDA8C00003B595 /* FRDLivelyButtonDemo-Info.plist */ = {isa = PBXFileReference; lastKnownFileType = text.plist.xml; path = "FRDLivelyButtonDemo-Info.plist"; sourceTree = "<group>"; };
		28D28F9F18BDA8C00003B595 /* en */ = {isa = PBXFileReference; lastKnownFileType = text.plist.strings; name = en; path = en.lproj/InfoPlist.strings; sourceTree = "<group>"; };
		28D28FA118BDA8C00003B595 /* main.m */ = {isa = PBXFileReference; lastKnownFileType = sourcecode.c.objc; path = main.m; sourceTree = "<group>"; };
		28D28FA318BDA8C00003B595 /* FRDLivelyButtonDemo-Prefix.pch */ = {isa = PBXFileReference; lastKnownFileType = sourcecode.c.h; path = "FRDLivelyButtonDemo-Prefix.pch"; sourceTree = "<group>"; };
		28D28FA418BDA8C00003B595 /* AppDelegate.h */ = {isa = PBXFileReference; lastKnownFileType = sourcecode.c.h; path = AppDelegate.h; sourceTree = "<group>"; };
		28D28FA518BDA8C00003B595 /* AppDelegate.m */ = {isa = PBXFileReference; lastKnownFileType = sourcecode.c.objc; path = AppDelegate.m; sourceTree = "<group>"; };
		28D28FA718BDA8C00003B595 /* Images.xcassets */ = {isa = PBXFileReference; lastKnownFileType = folder.assetcatalog; path = Images.xcassets; sourceTree = "<group>"; };
		28D28FAD18BDA8C00003B595 /* FRDLivelyButtonDemoTests.xctest */ = {isa = PBXFileReference; explicitFileType = wrapper.cfbundle; includeInIndex = 0; path = FRDLivelyButtonDemoTests.xctest; sourceTree = BUILT_PRODUCTS_DIR; };
		28D28FAE18BDA8C00003B595 /* XCTest.framework */ = {isa = PBXFileReference; lastKnownFileType = wrapper.framework; name = XCTest.framework; path = Library/Frameworks/XCTest.framework; sourceTree = DEVELOPER_DIR; };
		28D28FB618BDA8C10003B595 /* FRDLivelyButtonDemoTests-Info.plist */ = {isa = PBXFileReference; lastKnownFileType = text.plist.xml; path = "FRDLivelyButtonDemoTests-Info.plist"; sourceTree = "<group>"; };
		28D28FB818BDA8C10003B595 /* en */ = {isa = PBXFileReference; lastKnownFileType = text.plist.strings; name = en; path = en.lproj/InfoPlist.strings; sourceTree = "<group>"; };
		28D28FBA18BDA8C10003B595 /* FRDLivelyButtonDemoTests.m */ = {isa = PBXFileReference; lastKnownFileType = sourcecode.c.objc; path = FRDLivelyButtonDemoTests.m; sourceTree = "<group>"; };
		28D28FC418BDA95E0003B595 /* Storyboard.storyboard */ = {isa = PBXFileReference; fileEncoding = 4; lastKnownFileType = file.storyboard; path = Storyboard.storyboard; sourceTree = "<group>"; };
		28D28FC518BDA95E0003B595 /* TestViewController.h */ = {isa = PBXFileReference; fileEncoding = 4; lastKnownFileType = sourcecode.c.h; path = TestViewController.h; sourceTree = "<group>"; };
		28D28FC618BDA95E0003B595 /* TestViewController.m */ = {isa = PBXFileReference; fileEncoding = 4; lastKnownFileType = sourcecode.c.objc; path = TestViewController.m; sourceTree = "<group>"; };
		28ECDD5418C8B02700051E90 /* FRDLivelyButton.h */ = {isa = PBXFileReference; fileEncoding = 4; lastKnownFileType = sourcecode.c.h; name = FRDLivelyButton.h; path = ../../FRDLivelyButton/FRDLivelyButton.h; sourceTree = "<group>"; };
		28ECDD5518C8B02700051E90 /* FRDLivelyButton.m */ = {isa = PBXFileReference; fileEncoding = 4; lastKnownFileType = sourcecode.c.objc; name = FRDLivelyButton.m; path = ../../FRDLivelyButton/FRDLivelyButton.m; sourceTree = "<group>"; };
/* End PBXFileReference section */

/* Begin PBXFrameworksBuildPhase section */
		28D28F8F18BDA8C00003B595 /* Frameworks */ = {
			isa = PBXFrameworksBuildPhase;
			buildActionMask = 2147483647;
			files = (
				28D28F9818BDA8C00003B595 /* CoreGraphics.framework in Frameworks */,
				28D28F9A18BDA8C00003B595 /* UIKit.framework in Frameworks */,
				28D28F9618BDA8C00003B595 /* Foundation.framework in Frameworks */,
			);
			runOnlyForDeploymentPostprocessing = 0;
		};
		28D28FAA18BDA8C00003B595 /* Frameworks */ = {
			isa = PBXFrameworksBuildPhase;
			buildActionMask = 2147483647;
			files = (
				28D28FAF18BDA8C00003B595 /* XCTest.framework in Frameworks */,
				28D28FB118BDA8C10003B595 /* UIKit.framework in Frameworks */,
				28D28FB018BDA8C10003B595 /* Foundation.framework in Frameworks */,
			);
			runOnlyForDeploymentPostprocessing = 0;
		};
/* End PBXFrameworksBuildPhase section */

/* Begin PBXGroup section */
		28D28F8918BDA8C00003B595 = {
			isa = PBXGroup;
			children = (
				28D28F9B18BDA8C00003B595 /* FRDLivelyButtonDemo */,
				28D28FB418BDA8C10003B595 /* FRDLivelyButtonDemoTests */,
				28D28F9418BDA8C00003B595 /* Frameworks */,
				28D28F9318BDA8C00003B595 /* Products */,
			);
			sourceTree = "<group>";
		};
		28D28F9318BDA8C00003B595 /* Products */ = {
			isa = PBXGroup;
			children = (
				28D28F9218BDA8C00003B595 /* FRDLivelyButtonDemo.app */,
				28D28FAD18BDA8C00003B595 /* FRDLivelyButtonDemoTests.xctest */,
			);
			name = Products;
			sourceTree = "<group>";
		};
		28D28F9418BDA8C00003B595 /* Frameworks */ = {
			isa = PBXGroup;
			children = (
				28D28F9518BDA8C00003B595 /* Foundation.framework */,
				28D28F9718BDA8C00003B595 /* CoreGraphics.framework */,
				28D28F9918BDA8C00003B595 /* UIKit.framework */,
				28D28FAE18BDA8C00003B595 /* XCTest.framework */,
			);
			name = Frameworks;
			sourceTree = "<group>";
		};
		28D28F9B18BDA8C00003B595 /* FRDLivelyButtonDemo */ = {
			isa = PBXGroup;
			children = (
				28D28FA418BDA8C00003B595 /* AppDelegate.h */,
				28D28FA518BDA8C00003B595 /* AppDelegate.m */,
				28D28FC418BDA95E0003B595 /* Storyboard.storyboard */,
				28D28FC518BDA95E0003B595 /* TestViewController.h */,
				28D28FC618BDA95E0003B595 /* TestViewController.m */,
				28D28FA718BDA8C00003B595 /* Images.xcassets */,
				28D28F9C18BDA8C00003B595 /* Supporting Files */,
				28D28FC918BDA96C0003B595 /* FRDLivelyButton */,
			);
			path = FRDLivelyButtonDemo;
			sourceTree = "<group>";
		};
		28D28F9C18BDA8C00003B595 /* Supporting Files */ = {
			isa = PBXGroup;
			children = (
				28D28F9D18BDA8C00003B595 /* FRDLivelyButtonDemo-Info.plist */,
				28D28F9E18BDA8C00003B595 /* InfoPlist.strings */,
				28D28FA118BDA8C00003B595 /* main.m */,
				28D28FA318BDA8C00003B595 /* FRDLivelyButtonDemo-Prefix.pch */,
			);
			name = "Supporting Files";
			sourceTree = "<group>";
		};
		28D28FB418BDA8C10003B595 /* FRDLivelyButtonDemoTests */ = {
			isa = PBXGroup;
			children = (
				28D28FBA18BDA8C10003B595 /* FRDLivelyButtonDemoTests.m */,
				28D28FB518BDA8C10003B595 /* Supporting Files */,
			);
			path = FRDLivelyButtonDemoTests;
			sourceTree = "<group>";
		};
		28D28FB518BDA8C10003B595 /* Supporting Files */ = {
			isa = PBXGroup;
			children = (
				28D28FB618BDA8C10003B595 /* FRDLivelyButtonDemoTests-Info.plist */,
				28D28FB718BDA8C10003B595 /* InfoPlist.strings */,
			);
			name = "Supporting Files";
			sourceTree = "<group>";
		};
		28D28FC918BDA96C0003B595 /* FRDLivelyButton */ = {
			isa = PBXGroup;
			children = (
				28ECDD5418C8B02700051E90 /* FRDLivelyButton.h */,
				28ECDD5518C8B02700051E90 /* FRDLivelyButton.m */,
			);
			name = FRDLivelyButton;
			sourceTree = "<group>";
		};
/* End PBXGroup section */

/* Begin PBXNativeTarget section */
		28D28F9118BDA8C00003B595 /* FRDLivelyButtonDemo */ = {
			isa = PBXNativeTarget;
			buildConfigurationList = 28D28FBE18BDA8C10003B595 /* Build configuration list for PBXNativeTarget "FRDLivelyButtonDemo" */;
			buildPhases = (
				28D28F8E18BDA8C00003B595 /* Sources */,
				28D28F8F18BDA8C00003B595 /* Frameworks */,
				28D28F9018BDA8C00003B595 /* Resources */,
			);
			buildRules = (
			);
			dependencies = (
			);
			name = FRDLivelyButtonDemo;
			productName = FRDLivelyButtonDemo;
			productReference = 28D28F9218BDA8C00003B595 /* FRDLivelyButtonDemo.app */;
			productType = "com.apple.product-type.application";
		};
		28D28FAC18BDA8C00003B595 /* FRDLivelyButtonDemoTests */ = {
			isa = PBXNativeTarget;
			buildConfigurationList = 28D28FC118BDA8C10003B595 /* Build configuration list for PBXNativeTarget "FRDLivelyButtonDemoTests" */;
			buildPhases = (
				28D28FA918BDA8C00003B595 /* Sources */,
				28D28FAA18BDA8C00003B595 /* Frameworks */,
				28D28FAB18BDA8C00003B595 /* Resources */,
			);
			buildRules = (
			);
			dependencies = (
				28D28FB318BDA8C10003B595 /* PBXTargetDependency */,
			);
			name = FRDLivelyButtonDemoTests;
			productName = FRDLivelyButtonDemoTests;
			productReference = 28D28FAD18BDA8C00003B595 /* FRDLivelyButtonDemoTests.xctest */;
			productType = "com.apple.product-type.bundle.unit-test";
		};
/* End PBXNativeTarget section */

/* Begin PBXProject section */
		28D28F8A18BDA8C00003B595 /* Project object */ = {
			isa = PBXProject;
			attributes = {
				LastUpgradeCheck = 0500;
				ORGANIZATIONNAME = "Sebastien Windal";
				TargetAttributes = {
					28D28FAC18BDA8C00003B595 = {
						TestTargetID = 28D28F9118BDA8C00003B595;
					};
				};
			};
			buildConfigurationList = 28D28F8D18BDA8C00003B595 /* Build configuration list for PBXProject "FRDLivelyButtonDemo" */;
			compatibilityVersion = "Xcode 3.2";
			developmentRegion = English;
			hasScannedForEncodings = 0;
			knownRegions = (
				en,
			);
			mainGroup = 28D28F8918BDA8C00003B595;
			productRefGroup = 28D28F9318BDA8C00003B595 /* Products */;
			projectDirPath = "";
			projectRoot = "";
			targets = (
				28D28F9118BDA8C00003B595 /* FRDLivelyButtonDemo */,
				28D28FAC18BDA8C00003B595 /* FRDLivelyButtonDemoTests */,
			);
		};
/* End PBXProject section */

/* Begin PBXResourcesBuildPhase section */
		28D28F9018BDA8C00003B595 /* Resources */ = {
			isa = PBXResourcesBuildPhase;
			buildActionMask = 2147483647;
			files = (
				28D28FA018BDA8C00003B595 /* InfoPlist.strings in Resources */,
				28D28FA818BDA8C00003B595 /* Images.xcassets in Resources */,
				28D28FC718BDA95E0003B595 /* Storyboard.storyboard in Resources */,
			);
			runOnlyForDeploymentPostprocessing = 0;
		};
		28D28FAB18BDA8C00003B595 /* Resources */ = {
			isa = PBXResourcesBuildPhase;
			buildActionMask = 2147483647;
			files = (
				28D28FB918BDA8C10003B595 /* InfoPlist.strings in Resources */,
			);
			runOnlyForDeploymentPostprocessing = 0;
		};
/* End PBXResourcesBuildPhase section */

/* Begin PBXSourcesBuildPhase section */
		28D28F8E18BDA8C00003B595 /* Sources */ = {
			isa = PBXSourcesBuildPhase;
			buildActionMask = 2147483647;
			files = (
				28D28FC818BDA95E0003B595 /* TestViewController.m in Sources */,
				28ECDD5618C8B02700051E90 /* FRDLivelyButton.m in Sources */,
				28D28FA618BDA8C00003B595 /* AppDelegate.m in Sources */,
				28D28FA218BDA8C00003B595 /* main.m in Sources */,
			);
			runOnlyForDeploymentPostprocessing = 0;
		};
		28D28FA918BDA8C00003B595 /* Sources */ = {
			isa = PBXSourcesBuildPhase;
			buildActionMask = 2147483647;
			files = (
				28D28FBB18BDA8C10003B595 /* FRDLivelyButtonDemoTests.m in Sources */,
			);
			runOnlyForDeploymentPostprocessing = 0;
		};
/* End PBXSourcesBuildPhase section */

/* Begin PBXTargetDependency section */
		28D28FB318BDA8C10003B595 /* PBXTargetDependency */ = {
			isa = PBXTargetDependency;
			target = 28D28F9118BDA8C00003B595 /* FRDLivelyButtonDemo */;
			targetProxy = 28D28FB218BDA8C10003B595 /* PBXContainerItemProxy */;
		};
/* End PBXTargetDependency section */

/* Begin PBXVariantGroup section */
		28D28F9E18BDA8C00003B595 /* InfoPlist.strings */ = {
			isa = PBXVariantGroup;
			children = (
				28D28F9F18BDA8C00003B595 /* en */,
			);
			name = InfoPlist.strings;
			sourceTree = "<group>";
		};
		28D28FB718BDA8C10003B595 /* InfoPlist.strings */ = {
			isa = PBXVariantGroup;
			children = (
				28D28FB818BDA8C10003B595 /* en */,
			);
			name = InfoPlist.strings;
			sourceTree = "<group>";
		};
/* End PBXVariantGroup section */

/* Begin XCBuildConfiguration section */
		28D28FBC18BDA8C10003B595 /* Debug */ = {
			isa = XCBuildConfiguration;
			buildSettings = {
				ALWAYS_SEARCH_USER_PATHS = NO;
				ARCHS = "$(ARCHS_STANDARD_INCLUDING_64_BIT)";
				CLANG_CXX_LANGUAGE_STANDARD = "gnu++0x";
				CLANG_CXX_LIBRARY = "libc++";
				CLANG_ENABLE_MODULES = YES;
				CLANG_ENABLE_OBJC_ARC = YES;
				CLANG_WARN_BOOL_CONVERSION = YES;
				CLANG_WARN_CONSTANT_CONVERSION = YES;
				CLANG_WARN_DIRECT_OBJC_ISA_USAGE = YES_ERROR;
				CLANG_WARN_EMPTY_BODY = YES;
				CLANG_WARN_ENUM_CONVERSION = YES;
				CLANG_WARN_INT_CONVERSION = YES;
				CLANG_WARN_OBJC_ROOT_CLASS = YES_ERROR;
				CLANG_WARN__DUPLICATE_METHOD_MATCH = YES;
				"CODE_SIGN_IDENTITY[sdk=iphoneos*]" = "iPhone Developer";
				COPY_PHASE_STRIP = NO;
				GCC_C_LANGUAGE_STANDARD = gnu99;
				GCC_DYNAMIC_NO_PIC = NO;
				GCC_OPTIMIZATION_LEVEL = 0;
				GCC_PREPROCESSOR_DEFINITIONS = (
					"DEBUG=1",
					"$(inherited)",
				);
				GCC_SYMBOLS_PRIVATE_EXTERN = NO;
				GCC_WARN_64_TO_32_BIT_CONVERSION = YES;
				GCC_WARN_ABOUT_RETURN_TYPE = YES_ERROR;
				GCC_WARN_UNDECLARED_SELECTOR = YES;
				GCC_WARN_UNINITIALIZED_AUTOS = YES;
				GCC_WARN_UNUSED_FUNCTION = YES;
				GCC_WARN_UNUSED_VARIABLE = YES;
				IPHONEOS_DEPLOYMENT_TARGET = 6.1;
				ONLY_ACTIVE_ARCH = YES;
				SDKROOT = iphoneos;
			};
			name = Debug;
		};
		28D28FBD18BDA8C10003B595 /* Release */ = {
			isa = XCBuildConfiguration;
			buildSettings = {
				ALWAYS_SEARCH_USER_PATHS = NO;
				ARCHS = "$(ARCHS_STANDARD_INCLUDING_64_BIT)";
				CLANG_CXX_LANGUAGE_STANDARD = "gnu++0x";
				CLANG_CXX_LIBRARY = "libc++";
				CLANG_ENABLE_MODULES = YES;
				CLANG_ENABLE_OBJC_ARC = YES;
				CLANG_WARN_BOOL_CONVERSION = YES;
				CLANG_WARN_CONSTANT_CONVERSION = YES;
				CLANG_WARN_DIRECT_OBJC_ISA_USAGE = YES_ERROR;
				CLANG_WARN_EMPTY_BODY = YES;
				CLANG_WARN_ENUM_CONVERSION = YES;
				CLANG_WARN_INT_CONVERSION = YES;
				CLANG_WARN_OBJC_ROOT_CLASS = YES_ERROR;
				CLANG_WARN__DUPLICATE_METHOD_MATCH = YES;
				"CODE_SIGN_IDENTITY[sdk=iphoneos*]" = "iPhone Developer";
				COPY_PHASE_STRIP = YES;
				ENABLE_NS_ASSERTIONS = NO;
				GCC_C_LANGUAGE_STANDARD = gnu99;
				GCC_WARN_64_TO_32_BIT_CONVERSION = YES;
				GCC_WARN_ABOUT_RETURN_TYPE = YES_ERROR;
				GCC_WARN_UNDECLARED_SELECTOR = YES;
				GCC_WARN_UNINITIALIZED_AUTOS = YES;
				GCC_WARN_UNUSED_FUNCTION = YES;
				GCC_WARN_UNUSED_VARIABLE = YES;
				IPHONEOS_DEPLOYMENT_TARGET = 6.1;
				SDKROOT = iphoneos;
				VALIDATE_PRODUCT = YES;
			};
			name = Release;
		};
		28D28FBF18BDA8C10003B595 /* Debug */ = {
			isa = XCBuildConfiguration;
			buildSettings = {
				ASSETCATALOG_COMPILER_APPICON_NAME = AppIcon;
				ASSETCATALOG_COMPILER_LAUNCHIMAGE_NAME = LaunchImage;
				GCC_PRECOMPILE_PREFIX_HEADER = YES;
				GCC_PREFIX_HEADER = "FRDLivelyButtonDemo/FRDLivelyButtonDemo-Prefix.pch";
				INFOPLIST_FILE = "FRDLivelyButtonDemo/FRDLivelyButtonDemo-Info.plist";
				PRODUCT_NAME = "$(TARGET_NAME)";
				WRAPPER_EXTENSION = app;
			};
			name = Debug;
		};
		28D28FC018BDA8C10003B595 /* Release */ = {
			isa = XCBuildConfiguration;
			buildSettings = {
				ASSETCATALOG_COMPILER_APPICON_NAME = AppIcon;
				ASSETCATALOG_COMPILER_LAUNCHIMAGE_NAME = LaunchImage;
				GCC_PRECOMPILE_PREFIX_HEADER = YES;
				GCC_PREFIX_HEADER = "FRDLivelyButtonDemo/FRDLivelyButtonDemo-Prefix.pch";
				INFOPLIST_FILE = "FRDLivelyButtonDemo/FRDLivelyButtonDemo-Info.plist";
				PRODUCT_NAME = "$(TARGET_NAME)";
				WRAPPER_EXTENSION = app;
			};
			name = Release;
		};
		28D28FC218BDA8C10003B595 /* Debug */ = {
			isa = XCBuildConfiguration;
			buildSettings = {
				ARCHS = "$(ARCHS_STANDARD_INCLUDING_64_BIT)";
				BUNDLE_LOADER = "$(BUILT_PRODUCTS_DIR)/FRDLivelyButtonDemo.app/FRDLivelyButtonDemo";
				FRAMEWORK_SEARCH_PATHS = (
					"$(SDKROOT)/Developer/Library/Frameworks",
					"$(inherited)",
					"$(DEVELOPER_FRAMEWORKS_DIR)",
				);
				GCC_PRECOMPILE_PREFIX_HEADER = YES;
				GCC_PREFIX_HEADER = "FRDLivelyButtonDemo/FRDLivelyButtonDemo-Prefix.pch";
				GCC_PREPROCESSOR_DEFINITIONS = (
					"DEBUG=1",
					"$(inherited)",
				);
				INFOPLIST_FILE = "FRDLivelyButtonDemoTests/FRDLivelyButtonDemoTests-Info.plist";
				PRODUCT_NAME = "$(TARGET_NAME)";
				TEST_HOST = "$(BUNDLE_LOADER)";
				WRAPPER_EXTENSION = xctest;
			};
			name = Debug;
		};
		28D28FC318BDA8C10003B595 /* Release */ = {
			isa = XCBuildConfiguration;
			buildSettings = {
				ARCHS = "$(ARCHS_STANDARD_INCLUDING_64_BIT)";
				BUNDLE_LOADER = "$(BUILT_PRODUCTS_DIR)/FRDLivelyButtonDemo.app/FRDLivelyButtonDemo";
				FRAMEWORK_SEARCH_PATHS = (
					"$(SDKROOT)/Developer/Library/Frameworks",
					"$(inherited)",
					"$(DEVELOPER_FRAMEWORKS_DIR)",
				);
				GCC_PRECOMPILE_PREFIX_HEADER = YES;
				GCC_PREFIX_HEADER = "FRDLivelyButtonDemo/FRDLivelyButtonDemo-Prefix.pch";
				INFOPLIST_FILE = "FRDLivelyButtonDemoTests/FRDLivelyButtonDemoTests-Info.plist";
				PRODUCT_NAME = "$(TARGET_NAME)";
				TEST_HOST = "$(BUNDLE_LOADER)";
				WRAPPER_EXTENSION = xctest;
			};
			name = Release;
		};
/* End XCBuildConfiguration section */

/* Begin XCConfigurationList section */
		28D28F8D18BDA8C00003B595 /* Build configuration list for PBXProject "FRDLivelyButtonDemo" */ = {
			isa = XCConfigurationList;
			buildConfigurations = (
				28D28FBC18BDA8C10003B595 /* Debug */,
				28D28FBD18BDA8C10003B595 /* Release */,
			);
			defaultConfigurationIsVisible = 0;
			defaultConfigurationName = Release;
		};
		28D28FBE18BDA8C10003B595 /* Build configuration list for PBXNativeTarget "FRDLivelyButtonDemo" */ = {
			isa = XCConfigurationList;
			buildConfigurations = (
				28D28FBF18BDA8C10003B595 /* Debug */,
				28D28FC018BDA8C10003B595 /* Release */,
			);
			defaultConfigurationIsVisible = 0;
			defaultConfigurationName = Release;
		};
		28D28FC118BDA8C10003B595 /* Build configuration list for PBXNativeTarget "FRDLivelyButtonDemoTests" */ = {
			isa = XCConfigurationList;
			buildConfigurations = (
				28D28FC218BDA8C10003B595 /* Debug */,
				28D28FC318BDA8C10003B595 /* Release */,
			);
			defaultConfigurationIsVisible = 0;
			defaultConfigurationName = Release;
		};
/* End XCConfigurationList section */
	};
	rootObject = 28D28F8A18BDA8C00003B595 /* Project object */;
}
